{
  "nodes": {
    "flake-utils": {
      "locked": {
        "lastModified": 1653893745,
        "narHash": "sha256-0jntwV3Z8//YwuOjzhV2sgJJPt+HY6KhU7VZUL0fKZQ=",
        "owner": "numtide",
        "repo": "flake-utils",
        "rev": "1ed9fb1935d260de5fe1c2f7ee0ebaae17ed2fa1",
        "type": "github"
      },
      "original": {
        "owner": "numtide",
        "repo": "flake-utils",
        "type": "github"
      }
    },
    "nix2container": {
      "inputs": {
        "flake-utils": "flake-utils",
        "nixpkgs": "nixpkgs"
      },
      "locked": {
        "lastModified": 1668413124,
        "narHash": "sha256-k0hGnuVjn6pFXmy4yYxpNuRXh/zR1KXB4l1EcAlQMzI=",
        "owner": "nlewo",
        "repo": "nix2container",
        "rev": "f128a164fed3aa97ae8cf15cd7cb15709178dda4",
        "type": "github"
      },
      "original": {
        "owner": "nlewo",
        "repo": "nix2container",
        "type": "github"
      }
    },
    "nixpkgs": {
      "locked": {
        "lastModified": 1654807842,
        "narHash": "sha256-ADymZpr6LuTEBXcy6RtFHcUZdjKTBRTMYwu19WOx17E=",
        "owner": "NixOS",
        "repo": "nixpkgs",
        "rev": "fc909087cc3386955f21b4665731dbdaceefb1d8",
        "type": "github"
      },
      "original": {
        "owner": "NixOS",
        "repo": "nixpkgs",
        "type": "github"
      }
    },
    "nixpkgs_2": {
      "locked": {
        "lastModified": 1668912770,
        "narHash": "sha256-Nzt7ALUl5PrUAYIH8aRbj+njkJZVQ4VQBkWx+qQvqyM=",
        "owner": "NixOS",
        "repo": "nixpkgs",
        "rev": "862277ac9d34273cd953f42061e23d488d6b7e8b",
        "type": "github"
      },
      "original": {
        "id": "nixpkgs",
        "type": "indirect"
      }
    },
    "root": {
      "inputs": {
        "nix2container": "nix2container",
        "nixpkgs": "nixpkgs_2"
      }
    }
  },
  "root": "root",
  "version": 7
}
